
Microsoft Visual Studio Solution File, Format Version 12.00
# Visual Studio Version 16
VisualStudioVersion = 16.0.30114.105
MinimumVisualStudioVersion = 15.0.26124.0
Project("{2150E333-8FDC-42A3-9474-1A3956D46DE8}") = "src", "src", "{A7F73735-C377-491E-BE8A-5F717E0F7367}"
EndProject
Project("{9A19103F-16F7-4668-BE54-9A1E7A4F7556}") = "WpfApp", "src\WpfApp\WpfApp.csproj", "{34B05E62-A143-4C38-AEAD-7621372DB84B}"
EndProject
Project("{9A19103F-16F7-4668-BE54-9A1E7A4F7556}") = "WpfApp.Tests", "src\WpfApp.Tests\WpfApp.Tests.csproj", "{513B67D2-B04E-4559-97F0-4D493D84CDD6}"
EndProject
Global
	GlobalSection(SolutionConfigurationPlatforms) = preSolution
		Debug|Any CPU = Debug|Any CPU
		Debug|x64 = Debug|x64
		Debug|x86 = Debug|x86
		Release|Any CPU = Release|Any CPU
		Release|x64 = Release|x64
		Release|x86 = Release|x86
	EndGlobalSection
	GlobalSection(ProjectConfigurationPlatforms) = postSolution
		{34B05E62-A143-4C38-AEAD-7621372DB84B}.Debug|Any CPU.ActiveCfg = Debug|Any CPU
		{34B05E62-A143-4C38-AEAD-7621372DB84B}.Debug|Any CPU.Build.0 = Debug|Any CPU
		{34B05E62-A143-4C38-AEAD-7621372DB84B}.Debug|x64.ActiveCfg = Debug|Any CPU
		{34B05E62-A143-4C38-AEAD-7621372DB84B}.Debug|x64.Build.0 = Debug|Any CPU
		{34B05E62-A143-4C38-AEAD-7621372DB84B}.Debug|x86.ActiveCfg = Debug|Any CPU
		{34B05E62-A143-4C38-AEAD-7621372DB84B}.Debug|x86.Build.0 = Debug|Any CPU
		{34B05E62-A143-4C38-AEAD-7621372DB84B}.Release|Any CPU.ActiveCfg = Release|Any CPU
		{34B05E62-A143-4C38-AEAD-7621372DB84B}.Release|Any CPU.Build.0 = Release|Any CPU
		{34B05E62-A143-4C38-AEAD-7621372DB84B}.Release|x64.ActiveCfg = Release|Any CPU
		{34B05E62-A143-4C38-AEAD-7621372DB84B}.Release|x64.Build.0 = Release|Any CPU
		{34B05E62-A143-4C38-AEAD-7621372DB84B}.Release|x86.ActiveCfg = Release|Any CPU
		{34B05E62-A143-4C38-AEAD-7621372DB84B}.Release|x86.Build.0 = Release|Any CPU
		{513B67D2-B04E-4559-97F0-4D493D84CDD6}.Debug|Any CPU.ActiveCfg = Debug|Any CPU
		{513B67D2-B04E-4559-97F0-4D493D84CDD6}.Debug|Any CPU.Build.0 = Debug|Any CPU
		{513B67D2-B04E-4559-97F0-4D493D84CDD6}.Debug|x64.ActiveCfg = Debug|Any CPU
		{513B67D2-B04E-4559-97F0-4D493D84CDD6}.Debug|x64.Build.0 = Debug|Any CPU
		{513B67D2-B04E-4559-97F0-4D493D84CDD6}.Debug|x86.ActiveCfg = Debug|Any CPU
		{513B67D2-B04E-4559-97F0-4D493D84CDD6}.Debug|x86.Build.0 = Debug|Any CPU
		{513B67D2-B04E-4559-97F0-4D493D84CDD6}.Release|Any CPU.ActiveCfg = Release|Any CPU
		{513B67D2-B04E-4559-97F0-4D493D84CDD6}.Release|Any CPU.Build.0 = Release|Any CPU
		{513B67D2-B04E-4559-97F0-4D493D84CDD6}.Release|x64.ActiveCfg = Release|Any CPU
		{513B67D2-B04E-4559-97F0-4D493D84CDD6}.Release|x64.Build.0 = Release|Any CPU
		{513B67D2-B04E-4559-97F0-4D493D84CDD6}.Release|x86.ActiveCfg = Release|Any CPU
		{513B67D2-B04E-4559-97F0-4D493D84CDD6}.Release|x86.Build.0 = Release|Any CPU
	EndGlobalSection
	GlobalSection(SolutionProperties) = preSolution
		HideSolutionNode = FALSE
	EndGlobalSection
	GlobalSection(NestedProjects) = preSolution
		{34B05E62-A143-4C38-AEAD-7621372DB84B} = {A7F73735-C377-491E-BE8A-5F717E0F7367}
		{513B67D2-B04E-4559-97F0-4D493D84CDD6} = {A7F73735-C377-491E-BE8A-5F717E0F7367}
	EndGlobalSection
	GlobalSection(ExtensibilityGlobals) = postSolution
		SolutionGuid = {E74E88DA-DB09-4496-99F8-6A4BE4358EE6}
	EndGlobalSection
EndGlobal
